
Microsoft Visual Studio Solution File, Format Version 12.00
# Visual Studio Version 17
VisualStudioVersion = 17.12.35527.113 d17.12
MinimumVisualStudioVersion = 10.0.40219.1
Project("{FAE04EC0-301F-11D3-BF4B-00C04F79EFBC}") = "Blazor.DiscoBall", "Blazor.DiscoBall\Blazor.DiscoBall.csproj", "{3D0A1A1D-9D4B-4117-A040-494BA819B445}"
EndProject
Project("{FAE04EC0-301F-11D3-BF4B-00C04F79EFBC}") = "Blazor.DiscoBall.Demo", "Blazor.DiscoBall.Demo\Blazor.DiscoBall.Demo.csproj", "{57EA28FD-8E30-48BE-8964-FEBF86287EAD}"
EndProject
Global
	GlobalSection(SolutionConfigurationPlatforms) = preSolution
		Debug|Any CPU = Debug|Any CPU
		Release|Any CPU = Release|Any CPU
	EndGlobalSection
	GlobalSection(ProjectConfigurationPlatforms) = postSolution
		{3D0A1A1D-9D4B-4117-A040-494BA819B445}.Debug|Any CPU.ActiveCfg = Debug|Any CPU
		{3D0A1A1D-9D4B-4117-A040-494BA819B445}.Debug|Any CPU.Build.0 = Debug|Any CPU
		{3D0A1A1D-9D4B-4117-A040-494BA819B445}.Release|Any CPU.ActiveCfg = Release|Any CPU
		{3D0A1A1D-9D4B-4117-A040-494BA819B445}.Release|Any CPU.Build.0 = Release|Any CPU
		{57EA28FD-8E30-48BE-8964-FEBF86287EAD}.Debug|Any CPU.ActiveCfg = Debug|Any CPU
		{57EA28FD-8E30-48BE-8964-FEBF86287EAD}.Debug|Any CPU.Build.0 = Debug|Any CPU
		{57EA28FD-8E30-48BE-8964-FEBF86287EAD}.Release|Any CPU.ActiveCfg = Release|Any CPU
		{57EA28FD-8E30-48BE-8964-FEBF86287EAD}.Release|Any CPU.Build.0 = Release|Any CPU
	EndGlobalSection
	GlobalSection(SolutionProperties) = preSolution
		HideSolutionNode = FALSE
	EndGlobalSection
EndGlobal
